
Microsoft Visual Studio Solution File, Format Version 12.00
# Visual Studio 15
VisualStudioVersion = 15.0.28307.102
MinimumVisualStudioVersion = 10.0.40219.1
Project("{9A19103F-16F7-4668-BE54-9A1E7A4F7556}") = "STH.EposDemo.Web", "STH.EposDemo.Web\STH.EposDemo.Web.csproj", "{98E4EE60-24A0-4E5F-A1A6-933073D0F839}"
EndProject
Global
	GlobalSection(SolutionConfigurationPlatforms) = preSolution
		Debug|Any CPU = Debug|Any CPU
		Release|Any CPU = Release|Any CPU
	EndGlobalSection
	GlobalSection(ProjectConfigurationPlatforms) = postSolution
		{98E4EE60-24A0-4E5F-A1A6-933073D0F839}.Debug|Any CPU.ActiveCfg = Debug|Any CPU
		{98E4EE60-24A0-4E5F-A1A6-933073D0F839}.Debug|Any CPU.Build.0 = Debug|Any CPU
		{98E4EE60-24A0-4E5F-A1A6-933073D0F839}.Release|Any CPU.ActiveCfg = Release|Any CPU
		{98E4EE60-24A0-4E5F-A1A6-933073D0F839}.Release|Any CPU.Build.0 = Release|Any CPU
	EndGlobalSection
	GlobalSection(SolutionProperties) = preSolution
		HideSolutionNode = FALSE
	EndGlobalSection
	GlobalSection(ExtensibilityGlobals) = postSolution
		SolutionGuid = {C41CC86D-1AD2-451A-A161-21866CB038A9}
	EndGlobalSection
EndGlobal
